// !$*UTF8*$!
{
	archiveVersion = 1;
	classes = {
	};
	objectVersion = 50;
	objects = {

/* Begin PBXBuildFile section */
		8D88C89D47F49953D7832DB6 /* Pods_EntryApp.framework in Frameworks */ = {isa = PBXBuildFile; fileRef = 3E47632010CC5A29BABE0895 /* Pods_EntryApp.framework */; };
		A3667F012231118100AA95AE /* LoginViewController.swift in Sources */ = {isa = PBXBuildFile; fileRef = A3667F002231118100AA95AE /* LoginViewController.swift */; };
		A3667F03223134E900AA95AE /* SignupViewController.swift in Sources */ = {isa = PBXBuildFile; fileRef = A3667F02223134E900AA95AE /* SignupViewController.swift */; };
		A388F461224375E700339252 /* Switcher.swift in Sources */ = {isa = PBXBuildFile; fileRef = A388F460224375E700339252 /* Switcher.swift */; };
		A388F4652243778F00339252 /* TabBarVC.swift in Sources */ = {isa = PBXBuildFile; fileRef = A388F4642243778F00339252 /* TabBarVC.swift */; };
		A388F4672243BE6400339252 /* WelcomeVC.swift in Sources */ = {isa = PBXBuildFile; fileRef = A388F4662243BE6400339252 /* WelcomeVC.swift */; };
		A388F4692243C48300339252 /* ProfileVC.swift in Sources */ = {isa = PBXBuildFile; fileRef = A388F4682243C48300339252 /* ProfileVC.swift */; };
		A3971B0622423EF500552C61 /* getlogo.png in Resources */ = {isa = PBXBuildFile; fileRef = A3971B0522423EF500552C61 /* getlogo.png */; };
		A3971B0C22424AC700552C61 /* logo.png in Resources */ = {isa = PBXBuildFile; fileRef = A3971B0A22424AC700552C61 /* logo.png */; };
		A3971B0D22424AC700552C61 /* logo_transparent.png in Resources */ = {isa = PBXBuildFile; fileRef = A3971B0B22424AC700552C61 /* logo_transparent.png */; };
		D304576A20D84DDA001DBE8E /* AppDelegate.swift in Sources */ = {isa = PBXBuildFile; fileRef = D304576920D84DDA001DBE8E /* AppDelegate.swift */; };
		D304576C20D84DDA001DBE8E /* ChecklistViewController.swift in Sources */ = {isa = PBXBuildFile; fileRef = D304576B20D84DDA001DBE8E /* ChecklistViewController.swift */; };
		D304576F20D84DDA001DBE8E /* Main.storyboard in Resources */ = {isa = PBXBuildFile; fileRef = D304576D20D84DDA001DBE8E /* Main.storyboard */; };
		D304577120D84DDA001DBE8E /* Assets.xcassets in Resources */ = {isa = PBXBuildFile; fileRef = D304577020D84DDA001DBE8E /* Assets.xcassets */; };
		D304577420D84DDA001DBE8E /* LaunchScreen.storyboard in Resources */ = {isa = PBXBuildFile; fileRef = D304577220D84DDA001DBE8E /* LaunchScreen.storyboard */; };
		D363D79420D99C52006BB465 /* TodoList.swift in Sources */ = {isa = PBXBuildFile; fileRef = D363D79320D99C52006BB465 /* TodoList.swift */; };
		D363D79620D9BCB2006BB465 /* ItemDetailViewController.swift in Sources */ = {isa = PBXBuildFile; fileRef = D363D79520D9BCB2006BB465 /* ItemDetailViewController.swift */; };
		D3664B1320D97C280085AB15 /* ChecklistItem.swift in Sources */ = {isa = PBXBuildFile; fileRef = D3664B1220D97C280085AB15 /* ChecklistItem.swift */; };
/* End PBXBuildFile section */

/* Begin PBXFileReference section */
		18E80842BB5EAFCF0E423C90 /* Pods-EntryApp.debug.xcconfig */ = {isa = PBXFileReference; includeInIndex = 1; lastKnownFileType = text.xcconfig; name = "Pods-EntryApp.debug.xcconfig"; path = "Target Support Files/Pods-EntryApp/Pods-EntryApp.debug.xcconfig"; sourceTree = "<group>"; };
		3E47632010CC5A29BABE0895 /* Pods_EntryApp.framework */ = {isa = PBXFileReference; explicitFileType = wrapper.framework; includeInIndex = 0; path = Pods_EntryApp.framework; sourceTree = BUILT_PRODUCTS_DIR; };
		A3667F002231118100AA95AE /* LoginViewController.swift */ = {isa = PBXFileReference; lastKnownFileType = sourcecode.swift; path = LoginViewController.swift; sourceTree = "<group>"; };
		A3667F02223134E900AA95AE /* SignupViewController.swift */ = {isa = PBXFileReference; lastKnownFileType = sourcecode.swift; path = SignupViewController.swift; sourceTree = "<group>"; };
		A388F460224375E700339252 /* Switcher.swift */ = {isa = PBXFileReference; lastKnownFileType = sourcecode.swift; path = Switcher.swift; sourceTree = "<group>"; };
		A388F4642243778F00339252 /* TabBarVC.swift */ = {isa = PBXFileReference; lastKnownFileType = sourcecode.swift; path = TabBarVC.swift; sourceTree = "<group>"; };
		A388F4662243BE6400339252 /* WelcomeVC.swift */ = {isa = PBXFileReference; lastKnownFileType = sourcecode.swift; path = WelcomeVC.swift; sourceTree = "<group>"; };
		A388F4682243C48300339252 /* ProfileVC.swift */ = {isa = PBXFileReference; lastKnownFileType = sourcecode.swift; path = ProfileVC.swift; sourceTree = "<group>"; };
		A3971B0522423EF500552C61 /* getlogo.png */ = {isa = PBXFileReference; lastKnownFileType = image.png; path = getlogo.png; sourceTree = "<group>"; };
		A3971B0A22424AC700552C61 /* logo.png */ = {isa = PBXFileReference; lastKnownFileType = image.png; name = logo.png; path = ../../../../../Downloads/LOGOS/logo.png; sourceTree = "<group>"; };
		A3971B0B22424AC700552C61 /* logo_transparent.png */ = {isa = PBXFileReference; lastKnownFileType = image.png; path = logo_transparent.png; sourceTree = "<group>"; };
		D304576620D84DDA001DBE8E /* EntryApp.app */ = {isa = PBXFileReference; explicitFileType = wrapper.application; includeInIndex = 0; path = EntryApp.app; sourceTree = BUILT_PRODUCTS_DIR; };
		D304576920D84DDA001DBE8E /* AppDelegate.swift */ = {isa = PBXFileReference; lastKnownFileType = sourcecode.swift; path = AppDelegate.swift; sourceTree = "<group>"; };
		D304576B20D84DDA001DBE8E /* ChecklistViewController.swift */ = {isa = PBXFileReference; lastKnownFileType = sourcecode.swift; path = ChecklistViewController.swift; sourceTree = "<group>"; };
		D304576E20D84DDA001DBE8E /* Base */ = {isa = PBXFileReference; lastKnownFileType = file.storyboard; name = Base; path = Base.lproj/Main.storyboard; sourceTree = "<group>"; };
		D304577020D84DDA001DBE8E /* Assets.xcassets */ = {isa = PBXFileReference; lastKnownFileType = folder.assetcatalog; path = Assets.xcassets; sourceTree = "<group>"; };
		D304577320D84DDA001DBE8E /* Base */ = {isa = PBXFileReference; lastKnownFileType = file.storyboard; name = Base; path = Base.lproj/LaunchScreen.storyboard; sourceTree = "<group>"; };
		D304577520D84DDA001DBE8E /* Info.plist */ = {isa = PBXFileReference; lastKnownFileType = text.plist.xml; path = Info.plist; sourceTree = "<group>"; };
		D363D79320D99C52006BB465 /* TodoList.swift */ = {isa = PBXFileReference; lastKnownFileType = sourcecode.swift; path = TodoList.swift; sourceTree = "<group>"; };
		D363D79520D9BCB2006BB465 /* ItemDetailViewController.swift */ = {isa = PBXFileReference; lastKnownFileType = sourcecode.swift; path = ItemDetailViewController.swift; sourceTree = "<group>"; };
		D3664B1220D97C280085AB15 /* ChecklistItem.swift */ = {isa = PBXFileReference; lastKnownFileType = sourcecode.swift; path = ChecklistItem.swift; sourceTree = "<group>"; };
		D3C5D8B120D96A7000378B90 /* ProtocolsPlayground.playground */ = {isa = PBXFileReference; lastKnownFileType = file.playground; path = ProtocolsPlayground.playground; sourceTree = "<group>"; xcLanguageSpecificationIdentifier = xcode.lang.swift; };
		F6EE6AC069B6BDE2643B1D2D /* Pods-EntryApp.release.xcconfig */ = {isa = PBXFileReference; includeInIndex = 1; lastKnownFileType = text.xcconfig; name = "Pods-EntryApp.release.xcconfig"; path = "Target Support Files/Pods-EntryApp/Pods-EntryApp.release.xcconfig"; sourceTree = "<group>"; };
/* End PBXFileReference section */

/* Begin PBXFrameworksBuildPhase section */
		D304576320D84DDA001DBE8E /* Frameworks */ = {
			isa = PBXFrameworksBuildPhase;
			buildActionMask = 2147483647;
			files = (
				8D88C89D47F49953D7832DB6 /* Pods_EntryApp.framework in Frameworks */,
			);
			runOnlyForDeploymentPostprocessing = 0;
		};
/* End PBXFrameworksBuildPhase section */

/* Begin PBXGroup section */
		53F5FF8C01C79AA4E96D4319 /* Pods */ = {
			isa = PBXGroup;
			children = (
				18E80842BB5EAFCF0E423C90 /* Pods-EntryApp.debug.xcconfig */,
				F6EE6AC069B6BDE2643B1D2D /* Pods-EntryApp.release.xcconfig */,
			);
			path = Pods;
			sourceTree = "<group>";
		};
		6210497ED9EA57339D1178A1 /* Frameworks */ = {
			isa = PBXGroup;
			children = (
				3E47632010CC5A29BABE0895 /* Pods_EntryApp.framework */,
			);
			name = Frameworks;
			sourceTree = "<group>";
		};
		A3971B0722423EFC00552C61 /* images */ = {
			isa = PBXGroup;
			children = (
				A3971B0B22424AC700552C61 /* logo_transparent.png */,
				A3971B0A22424AC700552C61 /* logo.png */,
				A3971B0522423EF500552C61 /* getlogo.png */,
			);
			path = images;
			sourceTree = "<group>";
		};
		A3B2EEDA2227D2B000DE79F4 /* Model */ = {
			isa = PBXGroup;
			children = (
				D3664B1220D97C280085AB15 /* ChecklistItem.swift */,
				D363D79320D99C52006BB465 /* TodoList.swift */,
			);
			path = Model;
			sourceTree = "<group>";
		};
		A3B2EEDB2227D2DB00DE79F4 /* View */ = {
			isa = PBXGroup;
			children = (
				D304576D20D84DDA001DBE8E /* Main.storyboard */,
				D304577220D84DDA001DBE8E /* LaunchScreen.storyboard */,
				D304577020D84DDA001DBE8E /* Assets.xcassets */,
			);
			path = View;
			sourceTree = "<group>";
		};
		A3B2EEDD2227D32400DE79F4 /* Controller */ = {
			isa = PBXGroup;
			children = (
				A388F4682243C48300339252 /* ProfileVC.swift */,
				A388F4662243BE6400339252 /* WelcomeVC.swift */,
				A388F4642243778F00339252 /* TabBarVC.swift */,
				A3667F02223134E900AA95AE /* SignupViewController.swift */,
				A3667F002231118100AA95AE /* LoginViewController.swift */,
				A388F460224375E700339252 /* Switcher.swift */,
				D304576B20D84DDA001DBE8E /* ChecklistViewController.swift */,
				D363D79520D9BCB2006BB465 /* ItemDetailViewController.swift */,
				D304576920D84DDA001DBE8E /* AppDelegate.swift */,
			);
			path = Controller;
			sourceTree = "<group>";
		};
		A3B2EEDE2227D35A00DE79F4 /* Supporting Files */ = {
			isa = PBXGroup;
			children = (
				D3C5D8B120D96A7000378B90 /* ProtocolsPlayground.playground */,
				D304577520D84DDA001DBE8E /* Info.plist */,
			);
			path = "Supporting Files";
			sourceTree = "<group>";
		};
		D304575D20D84DDA001DBE8E = {
			isa = PBXGroup;
			children = (
				A3971B0722423EFC00552C61 /* images */,
				D304576820D84DDA001DBE8E /* EntryApp */,
				D304576720D84DDA001DBE8E /* Products */,
				53F5FF8C01C79AA4E96D4319 /* Pods */,
				6210497ED9EA57339D1178A1 /* Frameworks */,
			);
			sourceTree = "<group>";
		};
		D304576720D84DDA001DBE8E /* Products */ = {
			isa = PBXGroup;
			children = (
				D304576620D84DDA001DBE8E /* EntryApp.app */,
			);
			name = Products;
			sourceTree = "<group>";
		};
		D304576820D84DDA001DBE8E /* EntryApp */ = {
			isa = PBXGroup;
			children = (
				A3B2EEDA2227D2B000DE79F4 /* Model */,
				A3B2EEDB2227D2DB00DE79F4 /* View */,
				A3B2EEDE2227D35A00DE79F4 /* Supporting Files */,
				A3B2EEDD2227D32400DE79F4 /* Controller */,
			);
			path = EntryApp;
			sourceTree = "<group>";
		};
/* End PBXGroup section */

/* Begin PBXNativeTarget section */
		D304576520D84DDA001DBE8E /* EntryApp */ = {
			isa = PBXNativeTarget;
			buildConfigurationList = D304577820D84DDA001DBE8E /* Build configuration list for PBXNativeTarget "EntryApp" */;
			buildPhases = (
				A3FA9E1908D94E2BA757310E /* [CP] Check Pods Manifest.lock */,
				D304576220D84DDA001DBE8E /* Sources */,
				D304576320D84DDA001DBE8E /* Frameworks */,
				D304576420D84DDA001DBE8E /* Resources */,
				1BC4B1C43A1B80E438077700 /* [CP] Embed Pods Frameworks */,
			);
			buildRules = (
			);
			dependencies = (
			);
			name = EntryApp;
			productName = Checklist;
			productReference = D304576620D84DDA001DBE8E /* EntryApp.app */;
			productType = "com.apple.product-type.application";
		};
/* End PBXNativeTarget section */

/* Begin PBXProject section */
		D304575E20D84DDA001DBE8E /* Project object */ = {
			isa = PBXProject;
			attributes = {
				LastSwiftUpdateCheck = 1000;
				LastUpgradeCheck = 1000;
				ORGANIZATIONNAME = Razeware;
				TargetAttributes = {
					D304576520D84DDA001DBE8E = {
						CreatedOnToolsVersion = 10.0;
					};
				};
			};
			buildConfigurationList = D304576120D84DDA001DBE8E /* Build configuration list for PBXProject "EntryApp" */;
			compatibilityVersion = "Xcode 9.3";
			developmentRegion = en;
			hasScannedForEncodings = 0;
			knownRegions = (
				en,
				Base,
			);
			mainGroup = D304575D20D84DDA001DBE8E;
			productRefGroup = D304576720D84DDA001DBE8E /* Products */;
			projectDirPath = "";
			projectRoot = "";
			targets = (
				D304576520D84DDA001DBE8E /* EntryApp */,
			);
		};
/* End PBXProject section */

/* Begin PBXResourcesBuildPhase section */
		D304576420D84DDA001DBE8E /* Resources */ = {
			isa = PBXResourcesBuildPhase;
			buildActionMask = 2147483647;
			files = (
				A3971B0622423EF500552C61 /* getlogo.png in Resources */,
				A3971B0D22424AC700552C61 /* logo_transparent.png in Resources */,
				A3971B0C22424AC700552C61 /* logo.png in Resources */,
				D304577420D84DDA001DBE8E /* LaunchScreen.storyboard in Resources */,
				D304577120D84DDA001DBE8E /* Assets.xcassets in Resources */,
				D304576F20D84DDA001DBE8E /* Main.storyboard in Resources */,
			);
			runOnlyForDeploymentPostprocessing = 0;
		};
/* End PBXResourcesBuildPhase section */

/* Begin PBXShellScriptBuildPhase section */
		1BC4B1C43A1B80E438077700 /* [CP] Embed Pods Frameworks */ = {
			isa = PBXShellScriptBuildPhase;
			buildActionMask = 2147483647;
			files = (
			);
			inputFileListPaths = (
			);
			inputPaths = (
				"${PODS_ROOT}/Target Support Files/Pods-EntryApp/Pods-EntryApp-frameworks.sh",
				"${BUILT_PRODUCTS_DIR}/Alamofire/Alamofire.framework",
				"${BUILT_PRODUCTS_DIR}/SVProgressHUD/SVProgressHUD.framework",
				"${BUILT_PRODUCTS_DIR}/SwiftyJSON/SwiftyJSON.framework",
			);
			name = "[CP] Embed Pods Frameworks";
			outputFileListPaths = (
			);
			outputPaths = (
				"${TARGET_BUILD_DIR}/${FRAMEWORKS_FOLDER_PATH}/Alamofire.framework",
				"${TARGET_BUILD_DIR}/${FRAMEWORKS_FOLDER_PATH}/SVProgressHUD.framework",
				"${TARGET_BUILD_DIR}/${FRAMEWORKS_FOLDER_PATH}/SwiftyJSON.framework",
			);
			runOnlyForDeploymentPostprocessing = 0;
			shellPath = /bin/sh;
			shellScript = "\"${PODS_ROOT}/Target Support Files/Pods-EntryApp/Pods-EntryApp-frameworks.sh\"\n";
			showEnvVarsInLog = 0;
		};
		A3FA9E1908D94E2BA757310E /* [CP] Check Pods Manifest.lock */ = {
			isa = PBXShellScriptBuildPhase;
			buildActionMask = 2147483647;
			files = (
			);
			inputFileListPaths = (
			);
			inputPaths = (
				"${PODS_PODFILE_DIR_PATH}/Podfile.lock",
				"${PODS_ROOT}/Manifest.lock",
			);
			name = "[CP] Check Pods Manifest.lock";
			outputFileListPaths = (
			);
			outputPaths = (
				"$(DERIVED_FILE_DIR)/Pods-EntryApp-checkManifestLockResult.txt",
			);
			runOnlyForDeploymentPostprocessing = 0;
			shellPath = /bin/sh;
			shellScript = "diff \"${PODS_PODFILE_DIR_PATH}/Podfile.lock\" \"${PODS_ROOT}/Manifest.lock\" > /dev/null\nif [ $? != 0 ] ; then\n    # print error to STDERR\n    echo \"error: The sandbox is not in sync with the Podfile.lock. Run 'pod install' or update your CocoaPods installation.\" >&2\n    exit 1\nfi\n# This output is used by Xcode 'outputs' to avoid re-running this script phase.\necho \"SUCCESS\" > \"${SCRIPT_OUTPUT_FILE_0}\"\n";
			showEnvVarsInLog = 0;
		};
/* End PBXShellScriptBuildPhase section */

/* Begin PBXSourcesBuildPhase section */
		D304576220D84DDA001DBE8E /* Sources */ = {
			isa = PBXSourcesBuildPhase;
			buildActionMask = 2147483647;
			files = (
				A3667F012231118100AA95AE /* LoginViewController.swift in Sources */,
				A3667F03223134E900AA95AE /* SignupViewController.swift in Sources */,
				D304576C20D84DDA001DBE8E /* ChecklistViewController.swift in Sources */,
				D363D79620D9BCB2006BB465 /* ItemDetailViewController.swift in Sources */,
				A388F461224375E700339252 /* Switcher.swift in Sources */,
				D3664B1320D97C280085AB15 /* ChecklistItem.swift in Sources */,
				A388F4652243778F00339252 /* TabBarVC.swift in Sources */,
				D304576A20D84DDA001DBE8E /* AppDelegate.swift in Sources */,
				A388F4672243BE6400339252 /* WelcomeVC.swift in Sources */,
				A388F4692243C48300339252 /* ProfileVC.swift in Sources */,
				D363D79420D99C52006BB465 /* TodoList.swift in Sources */,
			);
			runOnlyForDeploymentPostprocessing = 0;
		};
/* End PBXSourcesBuildPhase section */

/* Begin PBXVariantGroup section */
		D304576D20D84DDA001DBE8E /* Main.storyboard */ = {
			isa = PBXVariantGroup;
			children = (
				D304576E20D84DDA001DBE8E /* Base */,
			);
			name = Main.storyboard;
			sourceTree = "<group>";
		};
		D304577220D84DDA001DBE8E /* LaunchScreen.storyboard */ = {
			isa = PBXVariantGroup;
			children = (
				D304577320D84DDA001DBE8E /* Base */,
			);
			name = LaunchScreen.storyboard;
			sourceTree = "<group>";
		};
/* End PBXVariantGroup section */

/* Begin XCBuildConfiguration section */
		D304577620D84DDA001DBE8E /* Debug */ = {
			isa = XCBuildConfiguration;
			buildSettings = {
				ALWAYS_SEARCH_USER_PATHS = NO;
				CLANG_ANALYZER_NONNULL = YES;
				CLANG_ANALYZER_NUMBER_OBJECT_CONVERSION = YES_AGGRESSIVE;
				CLANG_CXX_LANGUAGE_STANDARD = "gnu++14";
				CLANG_CXX_LIBRARY = "libc++";
				CLANG_ENABLE_MODULES = YES;
				CLANG_ENABLE_OBJC_ARC = YES;
				CLANG_ENABLE_OBJC_WEAK = YES;
				CLANG_WARN_BLOCK_CAPTURE_AUTORELEASING = YES;
				CLANG_WARN_BOOL_CONVERSION = YES;
				CLANG_WARN_COMMA = YES;
				CLANG_WARN_CONSTANT_CONVERSION = YES;
				CLANG_WARN_DEPRECATED_OBJC_IMPLEMENTATIONS = YES;
				CLANG_WARN_DIRECT_OBJC_ISA_USAGE = YES_ERROR;
				CLANG_WARN_DOCUMENTATION_COMMENTS = YES;
				CLANG_WARN_EMPTY_BODY = YES;
				CLANG_WARN_ENUM_CONVERSION = YES;
				CLANG_WARN_INFINITE_RECURSION = YES;
				CLANG_WARN_INT_CONVERSION = YES;
				CLANG_WARN_NON_LITERAL_NULL_CONVERSION = YES;
				CLANG_WARN_OBJC_IMPLICIT_RETAIN_SELF = YES;
				CLANG_WARN_OBJC_LITERAL_CONVERSION = YES;
				CLANG_WARN_OBJC_ROOT_CLASS = YES_ERROR;
				CLANG_WARN_RANGE_LOOP_ANALYSIS = YES;
				CLANG_WARN_STRICT_PROTOTYPES = YES;
				CLANG_WARN_SUSPICIOUS_MOVE = YES;
				CLANG_WARN_UNGUARDED_AVAILABILITY = YES_AGGRESSIVE;
				CLANG_WARN_UNREACHABLE_CODE = YES;
				CLANG_WARN__DUPLICATE_METHOD_MATCH = YES;
				CODE_SIGN_IDENTITY = "iPhone Developer";
				COPY_PHASE_STRIP = NO;
				DEBUG_INFORMATION_FORMAT = dwarf;
				ENABLE_STRICT_OBJC_MSGSEND = YES;
				ENABLE_TESTABILITY = YES;
				GCC_C_LANGUAGE_STANDARD = gnu11;
				GCC_DYNAMIC_NO_PIC = NO;
				GCC_NO_COMMON_BLOCKS = YES;
				GCC_OPTIMIZATION_LEVEL = 0;
				GCC_PREPROCESSOR_DEFINITIONS = (
					"DEBUG=1",
					"$(inherited)",
				);
				GCC_WARN_64_TO_32_BIT_CONVERSION = YES;
				GCC_WARN_ABOUT_RETURN_TYPE = YES_ERROR;
				GCC_WARN_UNDECLARED_SELECTOR = YES;
				GCC_WARN_UNINITIALIZED_AUTOS = YES_AGGRESSIVE;
				GCC_WARN_UNUSED_FUNCTION = YES;
				GCC_WARN_UNUSED_VARIABLE = YES;
				IPHONEOS_DEPLOYMENT_TARGET = 12.0;
				MTL_ENABLE_DEBUG_INFO = INCLUDE_SOURCE;
				ONLY_ACTIVE_ARCH = YES;
				SDKROOT = iphoneos;
				SWIFT_ACTIVE_COMPILATION_CONDITIONS = DEBUG;
				SWIFT_OPTIMIZATION_LEVEL = "-Onone";
			};
			name = Debug;
		};
		D304577720D84DDA001DBE8E /* Release */ = {
			isa = XCBuildConfiguration;
			buildSettings = {
				ALWAYS_SEARCH_USER_PATHS = NO;
				CLANG_ANALYZER_NONNULL = YES;
				CLANG_ANALYZER_NUMBER_OBJECT_CONVERSION = YES_AGGRESSIVE;
				CLANG_CXX_LANGUAGE_STANDARD = "gnu++14";
				CLANG_CXX_LIBRARY = "libc++";
				CLANG_ENABLE_MODULES = YES;
				CLANG_ENABLE_OBJC_ARC = YES;
				CLANG_ENABLE_OBJC_WEAK = YES;
				CLANG_WARN_BLOCK_CAPTURE_AUTORELEASING = YES;
				CLANG_WARN_BOOL_CONVERSION = YES;
				CLANG_WARN_COMMA = YES;
				CLANG_WARN_CONSTANT_CONVERSION = YES;
				CLANG_WARN_DEPRECATED_OBJC_IMPLEMENTATIONS = YES;
				CLANG_WARN_DIRECT_OBJC_ISA_USAGE = YES_ERROR;
				CLANG_WARN_DOCUMENTATION_COMMENTS = YES;
				CLANG_WARN_EMPTY_BODY = YES;
				CLANG_WARN_ENUM_CONVERSION = YES;
				CLANG_WARN_INFINITE_RECURSION = YES;
				CLANG_WARN_INT_CONVERSION = YES;
				CLANG_WARN_NON_LITERAL_NULL_CONVERSION = YES;
				CLANG_WARN_OBJC_IMPLICIT_RETAIN_SELF = YES;
				CLANG_WARN_OBJC_LITERAL_CONVERSION = YES;
				CLANG_WARN_OBJC_ROOT_CLASS = YES_ERROR;
				CLANG_WARN_RANGE_LOOP_ANALYSIS = YES;
				CLANG_WARN_STRICT_PROTOTYPES = YES;
				CLANG_WARN_SUSPICIOUS_MOVE = YES;
				CLANG_WARN_UNGUARDED_AVAILABILITY = YES_AGGRESSIVE;
				CLANG_WARN_UNREACHABLE_CODE = YES;
				CLANG_WARN__DUPLICATE_METHOD_MATCH = YES;
				CODE_SIGN_IDENTITY = "iPhone Developer";
				COPY_PHASE_STRIP = NO;
				DEBUG_INFORMATION_FORMAT = "dwarf-with-dsym";
				ENABLE_NS_ASSERTIONS = NO;
				ENABLE_STRICT_OBJC_MSGSEND = YES;
				GCC_C_LANGUAGE_STANDARD = gnu11;
				GCC_NO_COMMON_BLOCKS = YES;
				GCC_WARN_64_TO_32_BIT_CONVERSION = YES;
				GCC_WARN_ABOUT_RETURN_TYPE = YES_ERROR;
				GCC_WARN_UNDECLARED_SELECTOR = YES;
				GCC_WARN_UNINITIALIZED_AUTOS = YES_AGGRESSIVE;
				GCC_WARN_UNUSED_FUNCTION = YES;
				GCC_WARN_UNUSED_VARIABLE = YES;
				IPHONEOS_DEPLOYMENT_TARGET = 12.0;
				MTL_ENABLE_DEBUG_INFO = NO;
				SDKROOT = iphoneos;
				SWIFT_COMPILATION_MODE = wholemodule;
				SWIFT_OPTIMIZATION_LEVEL = "-O";
				VALIDATE_PRODUCT = YES;
			};
			name = Release;
		};
		D304577920D84DDA001DBE8E /* Debug */ = {
			isa = XCBuildConfiguration;
			baseConfigurationReference = 18E80842BB5EAFCF0E423C90 /* Pods-EntryApp.debug.xcconfig */;
			buildSettings = {
				ASSETCATALOG_COMPILER_APPICON_NAME = AppIcon;
				CODE_SIGN_STYLE = Automatic;
				DEVELOPMENT_TEAM = R2B6NVM389;
				INFOPLIST_FILE = "$(SRCROOT)/EntryApp/Supporting Files/Info.plist";
				LD_RUNPATH_SEARCH_PATHS = (
					"$(inherited)",
					"@executable_path/Frameworks",
				);
				PRODUCT_BUNDLE_IDENTIFIER = com.get.EntryApp;
				PRODUCT_NAME = "$(TARGET_NAME)";
				SWIFT_VERSION = 4.2;
				TARGETED_DEVICE_FAMILY = "1,2";
			};
			name = Debug;
		};
		D304577A20D84DDA001DBE8E /* Release */ = {
			isa = XCBuildConfiguration;
			baseConfigurationReference = F6EE6AC069B6BDE2643B1D2D /* Pods-EntryApp.release.xcconfig */;
			buildSettings = {
				ASSETCATALOG_COMPILER_APPICON_NAME = AppIcon;
				CODE_SIGN_STYLE = Automatic;
				DEVELOPMENT_TEAM = R2B6NVM389;
				INFOPLIST_FILE = "$(SRCROOT)/EntryApp/Supporting Files/Info.plist";
				LD_RUNPATH_SEARCH_PATHS = (
					"$(inherited)",
					"@executable_path/Frameworks",
				);
				PRODUCT_BUNDLE_IDENTIFIER = com.get.EntryApp;
				PRODUCT_NAME = "$(TARGET_NAME)";
				SWIFT_VERSION = 4.2;
				TARGETED_DEVICE_FAMILY = "1,2";
			};
			name = Release;
		};
/* End XCBuildConfiguration section */

/* Begin XCConfigurationList section */
		D304576120D84DDA001DBE8E /* Build configuration list for PBXProject "EntryApp" */ = {
			isa = XCConfigurationList;
			buildConfigurations = (
				D304577620D84DDA001DBE8E /* Debug */,
				D304577720D84DDA001DBE8E /* Release */,
			);
			defaultConfigurationIsVisible = 0;
			defaultConfigurationName = Release;
		};
		D304577820D84DDA001DBE8E /* Build configuration list for PBXNativeTarget "EntryApp" */ = {
			isa = XCConfigurationList;
			buildConfigurations = (
				D304577920D84DDA001DBE8E /* Debug */,
				D304577A20D84DDA001DBE8E /* Release */,
			);
			defaultConfigurationIsVisible = 0;
			defaultConfigurationName = Release;
		};
/* End XCConfigurationList section */
	};
	rootObject = D304575E20D84DDA001DBE8E /* Project object */;
}
